
Microsoft Visual Studio Solution File, Format Version 12.00
# Visual Studio Version 17
VisualStudioVersion = 17.6.33829.357
MinimumVisualStudioVersion = 10.0.40219.1
Project("{FAE04EC0-301F-11D3-BF4B-00C04F79EFBC}") = "aula4", "aula4\aula4.csproj", "{F508774D-6CB4-46A5-BC48-AE10841F7E9D}"
EndProject
Global
	GlobalSection(SolutionConfigurationPlatforms) = preSolution
		Debug|Any CPU = Debug|Any CPU
		Release|Any CPU = Release|Any CPU
	EndGlobalSection
	GlobalSection(ProjectConfigurationPlatforms) = postSolution
		{F508774D-6CB4-46A5-BC48-AE10841F7E9D}.Debug|Any CPU.ActiveCfg = Debug|Any CPU
		{F508774D-6CB4-46A5-BC48-AE10841F7E9D}.Debug|Any CPU.Build.0 = Debug|Any CPU
		{F508774D-6CB4-46A5-BC48-AE10841F7E9D}.Release|Any CPU.ActiveCfg = Release|Any CPU
		{F508774D-6CB4-46A5-BC48-AE10841F7E9D}.Release|Any CPU.Build.0 = Release|Any CPU
	EndGlobalSection
	GlobalSection(SolutionProperties) = preSolution
		HideSolutionNode = FALSE
	EndGlobalSection
	GlobalSection(ExtensibilityGlobals) = postSolution
		SolutionGuid = {B491F6AA-BFA3-4CEF-95B3-7F6C8D03914B}
	EndGlobalSection
EndGlobal
